// !$*UTF8*$!
{
	archiveVersion = 1;
	classes = {
	};
	objectVersion = 56;
	objects = {

/* Begin PBXBuildFile section */
		DD76B60F2B2D5C9100AA12CE /* main.c in Sources */ = {isa = PBXBuildFile; fileRef = DD76B60E2B2D5C9100AA12CE /* main.c */; };
		DD8570E42B470679006B4E7B /* DrawGameBoard.c in Sources */ = {isa = PBXBuildFile; fileRef = DD8570E32B470679006B4E7B /* DrawGameBoard.c */; };
		DD97BBBF2B4C3D3E00CEDE3B /* CurrentProject.c in Sources */ = {isa = PBXBuildFile; fileRef = DD97BBBE2B4C3D3E00CEDE3B /* CurrentProject.c */; };
/* End PBXBuildFile section */

/* Begin PBXCopyFilesBuildPhase section */
		DD76B6092B2D5C9100AA12CE /* CopyFiles */ = {
			isa = PBXCopyFilesBuildPhase;
			buildActionMask = 2147483647;
			dstPath = /usr/share/man/man1/;
			dstSubfolderSpec = 0;
			files = (
			);
			runOnlyForDeploymentPostprocessing = 1;
		};
/* End PBXCopyFilesBuildPhase section */

/* Begin PBXFileReference section */
		DD76B60B2B2D5C9100AA12CE /* Paladin_Dungeon */ = {isa = PBXFileReference; explicitFileType = "compiled.mach-o.executable"; includeInIndex = 0; path = Paladin_Dungeon; sourceTree = BUILT_PRODUCTS_DIR; };
		DD76B60E2B2D5C9100AA12CE /* main.c */ = {isa = PBXFileReference; lastKnownFileType = sourcecode.c.c; path = main.c; sourceTree = "<group>"; };
		DD8570E32B470679006B4E7B /* DrawGameBoard.c */ = {isa = PBXFileReference; lastKnownFileType = sourcecode.c.c; path = DrawGameBoard.c; sourceTree = "<group>"; };
		DD8DEA1E2B6A24FF0098AF62 /* colors.h */ = {isa = PBXFileReference; lastKnownFileType = sourcecode.c.h; path = colors.h; sourceTree = "<group>"; };
		DD8DEA212B6A27BE0098AF62 /* libraries.h */ = {isa = PBXFileReference; lastKnownFileType = sourcecode.c.h; path = libraries.h; sourceTree = "<group>"; };
		DD8DEA222B6A28F40098AF62 /* functions.h */ = {isa = PBXFileReference; lastKnownFileType = sourcecode.c.h; path = functions.h; sourceTree = "<group>"; };
		DD9219072B49705800CFFF25 /* model.h */ = {isa = PBXFileReference; lastKnownFileType = sourcecode.c.h; path = model.h; sourceTree = "<group>"; };
		DD97BBBE2B4C3D3E00CEDE3B /* CurrentProject.c */ = {isa = PBXFileReference; lastKnownFileType = sourcecode.c.c; path = CurrentProject.c; sourceTree = "<group>"; };
/* End PBXFileReference section */

/* Begin PBXFrameworksBuildPhase section */
		DD76B6082B2D5C9100AA12CE /* Frameworks */ = {
			isa = PBXFrameworksBuildPhase;
			buildActionMask = 2147483647;
			files = (
			);
			runOnlyForDeploymentPostprocessing = 0;
		};
/* End PBXFrameworksBuildPhase section */

/* Begin PBXGroup section */
		DD76B6022B2D5C9100AA12CE = {
			isa = PBXGroup;
			children = (
				DD76B60D2B2D5C9100AA12CE /* Paladin_Dungeon */,
				DD76B60C2B2D5C9100AA12CE /* Products */,
			);
			sourceTree = "<group>";
		};
		DD76B60C2B2D5C9100AA12CE /* Products */ = {
			isa = PBXGroup;
			children = (
				DD76B60B2B2D5C9100AA12CE /* Paladin_Dungeon */,
			);
			name = Products;
			sourceTree = "<group>";
		};
		DD76B60D2B2D5C9100AA12CE /* Paladin_Dungeon */ = {
			isa = PBXGroup;
			children = (
				DD76B60E2B2D5C9100AA12CE /* main.c */,
				DD8DEA222B6A28F40098AF62 /* functions.h */,
				DD9219072B49705800CFFF25 /* model.h */,
				DD8DEA1E2B6A24FF0098AF62 /* colors.h */,
				DD8DEA212B6A27BE0098AF62 /* libraries.h */,
				DD932F9E2B56CFB0007014E7 /* Other */,
			);
			path = Paladin_Dungeon;
			sourceTree = "<group>";
		};
		DD932F9E2B56CFB0007014E7 /* Other */ = {
			isa = PBXGroup;
			children = (
				DD8570E32B470679006B4E7B /* DrawGameBoard.c */,
				DD97BBBE2B4C3D3E00CEDE3B /* CurrentProject.c */,
			);
			path = Other;
			sourceTree = "<group>";
		};
/* End PBXGroup section */

/* Begin PBXNativeTarget section */
		DD76B60A2B2D5C9100AA12CE /* Paladin_Dungeon */ = {
			isa = PBXNativeTarget;
			buildConfigurationList = DD76B6122B2D5C9100AA12CE /* Build configuration list for PBXNativeTarget "Paladin_Dungeon" */;
			buildPhases = (
				DD76B6072B2D5C9100AA12CE /* Sources */,
				DD76B6082B2D5C9100AA12CE /* Frameworks */,
				DD76B6092B2D5C9100AA12CE /* CopyFiles */,
			);
			buildRules = (
			);
			dependencies = (
			);
			name = Paladin_Dungeon;
			productName = Paladin_Dungeon;
			productReference = DD76B60B2B2D5C9100AA12CE /* Paladin_Dungeon */;
			productType = "com.apple.product-type.tool";
		};
/* End PBXNativeTarget section */

/* Begin PBXProject section */
		DD76B6032B2D5C9100AA12CE /* Project object */ = {
			isa = PBXProject;
			attributes = {
				BuildIndependentTargetsInParallel = 1;
				LastUpgradeCheck = 1420;
				TargetAttributes = {
					DD76B60A2B2D5C9100AA12CE = {
						CreatedOnToolsVersion = 14.2;
					};
				};
			};
			buildConfigurationList = DD76B6062B2D5C9100AA12CE /* Build configuration list for PBXProject "Paladin_Dungeon" */;
			compatibilityVersion = "Xcode 14.0";
			developmentRegion = en;
			hasScannedForEncodings = 0;
			knownRegions = (
				en,
				Base,
			);
			mainGroup = DD76B6022B2D5C9100AA12CE;
			productRefGroup = DD76B60C2B2D5C9100AA12CE /* Products */;
			projectDirPath = "";
			projectRoot = "";
			targets = (
				DD76B60A2B2D5C9100AA12CE /* Paladin_Dungeon */,
			);
		};
/* End PBXProject section */

/* Begin PBXSourcesBuildPhase section */
		DD76B6072B2D5C9100AA12CE /* Sources */ = {
			isa = PBXSourcesBuildPhase;
			buildActionMask = 2147483647;
			files = (
				DD8570E42B470679006B4E7B /* DrawGameBoard.c in Sources */,
				DD76B60F2B2D5C9100AA12CE /* main.c in Sources */,
				DD97BBBF2B4C3D3E00CEDE3B /* CurrentProject.c in Sources */,
			);
			runOnlyForDeploymentPostprocessing = 0;
		};
/* End PBXSourcesBuildPhase section */

/* Begin XCBuildConfiguration section */
		DD76B6102B2D5C9100AA12CE /* Debug */ = {
			isa = XCBuildConfiguration;
			buildSettings = {
				ALWAYS_SEARCH_USER_PATHS = NO;
				CLANG_ANALYZER_NONNULL = YES;
				CLANG_ANALYZER_NUMBER_OBJECT_CONVERSION = YES_AGGRESSIVE;
				CLANG_CXX_LANGUAGE_STANDARD = "gnu++20";
				CLANG_ENABLE_MODULES = YES;
				CLANG_ENABLE_OBJC_ARC = YES;
				CLANG_ENABLE_OBJC_WEAK = YES;
				CLANG_WARN_BLOCK_CAPTURE_AUTORELEASING = YES;
				CLANG_WARN_BOOL_CONVERSION = YES;
				CLANG_WARN_COMMA = YES;
				CLANG_WARN_CONSTANT_CONVERSION = YES;
				CLANG_WARN_DEPRECATED_OBJC_IMPLEMENTATIONS = YES;
				CLANG_WARN_DIRECT_OBJC_ISA_USAGE = YES_ERROR;
				CLANG_WARN_DOCUMENTATION_COMMENTS = YES;
				CLANG_WARN_EMPTY_BODY = YES;
				CLANG_WARN_ENUM_CONVERSION = YES;
				CLANG_WARN_INFINITE_RECURSION = YES;
				CLANG_WARN_INT_CONVERSION = YES;
				CLANG_WARN_NON_LITERAL_NULL_CONVERSION = YES;
				CLANG_WARN_OBJC_IMPLICIT_RETAIN_SELF = YES;
				CLANG_WARN_OBJC_LITERAL_CONVERSION = YES;
				CLANG_WARN_OBJC_ROOT_CLASS = YES_ERROR;
				CLANG_WARN_QUOTED_INCLUDE_IN_FRAMEWORK_HEADER = YES;
				CLANG_WARN_RANGE_LOOP_ANALYSIS = YES;
				CLANG_WARN_STRICT_PROTOTYPES = YES;
				CLANG_WARN_SUSPICIOUS_MOVE = YES;
				CLANG_WARN_UNGUARDED_AVAILABILITY = YES_AGGRESSIVE;
				CLANG_WARN_UNREACHABLE_CODE = YES;
				CLANG_WARN__DUPLICATE_METHOD_MATCH = YES;
				COPY_PHASE_STRIP = NO;
				DEBUG_INFORMATION_FORMAT = dwarf;
				ENABLE_STRICT_OBJC_MSGSEND = YES;
				ENABLE_TESTABILITY = YES;
				GCC_C_LANGUAGE_STANDARD = gnu11;
				GCC_DYNAMIC_NO_PIC = NO;
				GCC_NO_COMMON_BLOCKS = YES;
				GCC_OPTIMIZATION_LEVEL = 0;
				GCC_PREPROCESSOR_DEFINITIONS = (
					"DEBUG=1",
					"$(inherited)",
				);
				GCC_WARN_64_TO_32_BIT_CONVERSION = YES;
				GCC_WARN_ABOUT_RETURN_TYPE = YES_ERROR;
				GCC_WARN_UNDECLARED_SELECTOR = YES;
				GCC_WARN_UNINITIALIZED_AUTOS = YES_AGGRESSIVE;
				GCC_WARN_UNUSED_FUNCTION = YES;
				GCC_WARN_UNUSED_VARIABLE = YES;
				MACOSX_DEPLOYMENT_TARGET = 12.6;
				MTL_ENABLE_DEBUG_INFO = INCLUDE_SOURCE;
				MTL_FAST_MATH = YES;
				ONLY_ACTIVE_ARCH = YES;
				SDKROOT = macosx;
			};
			name = Debug;
		};
		DD76B6112B2D5C9100AA12CE /* Release */ = {
			isa = XCBuildConfiguration;
			buildSettings = {
				ALWAYS_SEARCH_USER_PATHS = NO;
				CLANG_ANALYZER_NONNULL = YES;
				CLANG_ANALYZER_NUMBER_OBJECT_CONVERSION = YES_AGGRESSIVE;
				CLANG_CXX_LANGUAGE_STANDARD = "gnu++20";
				CLANG_ENABLE_MODULES = YES;
				CLANG_ENABLE_OBJC_ARC = YES;
				CLANG_ENABLE_OBJC_WEAK = YES;
				CLANG_WARN_BLOCK_CAPTURE_AUTORELEASING = YES;
				CLANG_WARN_BOOL_CONVERSION = YES;
				CLANG_WARN_COMMA = YES;
				CLANG_WARN_CONSTANT_CONVERSION = YES;
				CLANG_WARN_DEPRECATED_OBJC_IMPLEMENTATIONS = YES;
				CLANG_WARN_DIRECT_OBJC_ISA_USAGE = YES_ERROR;
				CLANG_WARN_DOCUMENTATION_COMMENTS = YES;
				CLANG_WARN_EMPTY_BODY = YES;
				CLANG_WARN_ENUM_CONVERSION = YES;
				CLANG_WARN_INFINITE_RECURSION = YES;
				CLANG_WARN_INT_CONVERSION = YES;
				CLANG_WARN_NON_LITERAL_NULL_CONVERSION = YES;
				CLANG_WARN_OBJC_IMPLICIT_RETAIN_SELF = YES;
				CLANG_WARN_OBJC_LITERAL_CONVERSION = YES;
				CLANG_WARN_OBJC_ROOT_CLASS = YES_ERROR;
				CLANG_WARN_QUOTED_INCLUDE_IN_FRAMEWORK_HEADER = YES;
				CLANG_WARN_RANGE_LOOP_ANALYSIS = YES;
				CLANG_WARN_STRICT_PROTOTYPES = YES;
				CLANG_WARN_SUSPICIOUS_MOVE = YES;
				CLANG_WARN_UNGUARDED_AVAILABILITY = YES_AGGRESSIVE;
				CLANG_WARN_UNREACHABLE_CODE = YES;
				CLANG_WARN__DUPLICATE_METHOD_MATCH = YES;
				COPY_PHASE_STRIP = NO;
				DEBUG_INFORMATION_FORMAT = "dwarf-with-dsym";
				ENABLE_NS_ASSERTIONS = NO;
				ENABLE_STRICT_OBJC_MSGSEND = YES;
				GCC_C_LANGUAGE_STANDARD = gnu11;
				GCC_NO_COMMON_BLOCKS = YES;
				GCC_WARN_64_TO_32_BIT_CONVERSION = YES;
				GCC_WARN_ABOUT_RETURN_TYPE = YES_ERROR;
				GCC_WARN_UNDECLARED_SELECTOR = YES;
				GCC_WARN_UNINITIALIZED_AUTOS = YES_AGGRESSIVE;
				GCC_WARN_UNUSED_FUNCTION = YES;
				GCC_WARN_UNUSED_VARIABLE = YES;
				MACOSX_DEPLOYMENT_TARGET = 12.6;
				MTL_ENABLE_DEBUG_INFO = NO;
				MTL_FAST_MATH = YES;
				SDKROOT = macosx;
			};
			name = Release;
		};
		DD76B6132B2D5C9100AA12CE /* Debug */ = {
			isa = XCBuildConfiguration;
			buildSettings = {
				"CODE_SIGN_IDENTITY[sdk=macosx*]" = "-";
				CODE_SIGN_STYLE = Automatic;
				DEVELOPMENT_TEAM = 7YW3V66545;
				ENABLE_HARDENED_RUNTIME = YES;
				PRODUCT_NAME = "$(TARGET_NAME)";
			};
			name = Debug;
		};
		DD76B6142B2D5C9100AA12CE /* Release */ = {
			isa = XCBuildConfiguration;
			buildSettings = {
				"CODE_SIGN_IDENTITY[sdk=macosx*]" = "-";
				CODE_SIGN_STYLE = Automatic;
				DEVELOPMENT_TEAM = 7YW3V66545;
				ENABLE_HARDENED_RUNTIME = YES;
				PRODUCT_NAME = "$(TARGET_NAME)";
			};
			name = Release;
		};
/* End XCBuildConfiguration section */

/* Begin XCConfigurationList section */
		DD76B6062B2D5C9100AA12CE /* Build configuration list for PBXProject "Paladin_Dungeon" */ = {
			isa = XCConfigurationList;
			buildConfigurations = (
				DD76B6102B2D5C9100AA12CE /* Debug */,
				DD76B6112B2D5C9100AA12CE /* Release */,
			);
			defaultConfigurationIsVisible = 0;
			defaultConfigurationName = Release;
		};
		DD76B6122B2D5C9100AA12CE /* Build configuration list for PBXNativeTarget "Paladin_Dungeon" */ = {
			isa = XCConfigurationList;
			buildConfigurations = (
				DD76B6132B2D5C9100AA12CE /* Debug */,
				DD76B6142B2D5C9100AA12CE /* Release */,
			);
			defaultConfigurationIsVisible = 0;
			defaultConfigurationName = Release;
		};
/* End XCConfigurationList section */
	};
	rootObject = DD76B6032B2D5C9100AA12CE /* Project object */;
}
